
Microsoft Visual Studio Solution File, Format Version 12.00
# Visual Studio 15
VisualStudioVersion = 15.0.27428.1
MinimumVisualStudioVersion = 10.0.40219.1
Project("{FAE04EC0-301F-11D3-BF4B-00C04F79EFBC}") = "ITI.S3.Geometry", "ITI.S3.Geometry\ITI.S3.Geometry.csproj", "{478E3C9A-46CD-4FCC-BDFC-B8013DDBDDAA}"
EndProject
Project("{FAE04EC0-301F-11D3-BF4B-00C04F79EFBC}") = "ITI.S3.Geometry.App", "ITI.S3.Geometry.App\ITI.S3.Geometry.App.csproj", "{754B0765-04BE-406C-A36E-6C7455ED117A}"
EndProject
Global
	GlobalSection(SolutionConfigurationPlatforms) = preSolution
		Debug|Any CPU = Debug|Any CPU
		Release|Any CPU = Release|Any CPU
	EndGlobalSection
	GlobalSection(ProjectConfigurationPlatforms) = postSolution
		{478E3C9A-46CD-4FCC-BDFC-B8013DDBDDAA}.Debug|Any CPU.ActiveCfg = Debug|Any CPU
		{478E3C9A-46CD-4FCC-BDFC-B8013DDBDDAA}.Debug|Any CPU.Build.0 = Debug|Any CPU
		{478E3C9A-46CD-4FCC-BDFC-B8013DDBDDAA}.Release|Any CPU.ActiveCfg = Release|Any CPU
		{478E3C9A-46CD-4FCC-BDFC-B8013DDBDDAA}.Release|Any CPU.Build.0 = Release|Any CPU
		{754B0765-04BE-406C-A36E-6C7455ED117A}.Debug|Any CPU.ActiveCfg = Debug|Any CPU
		{754B0765-04BE-406C-A36E-6C7455ED117A}.Debug|Any CPU.Build.0 = Debug|Any CPU
		{754B0765-04BE-406C-A36E-6C7455ED117A}.Release|Any CPU.ActiveCfg = Release|Any CPU
		{754B0765-04BE-406C-A36E-6C7455ED117A}.Release|Any CPU.Build.0 = Release|Any CPU
	EndGlobalSection
	GlobalSection(SolutionProperties) = preSolution
		HideSolutionNode = FALSE
	EndGlobalSection
	GlobalSection(ExtensibilityGlobals) = postSolution
		SolutionGuid = {BF30F03D-2809-48FD-9C73-4E505CC9D273}
	EndGlobalSection
EndGlobal
