
Microsoft Visual Studio Solution File, Format Version 12.00
# Visual Studio 15
VisualStudioVersion = 15.0.27428.1
MinimumVisualStudioVersion = 10.0.40219.1
Project("{FAE04EC0-301F-11D3-BF4B-00C04F79EFBC}") = "ITI.S3.Bottle", "ITI.S3.Bottle\ITI.S3.Bottle.csproj", "{072CA72C-CE6D-4E91-961C-E9C060528CC9}"
EndProject
Project("{FAE04EC0-301F-11D3-BF4B-00C04F79EFBC}") = "ITI.S3.Bottle.UI", "ITI.S3.Bottle.UI\ITI.S3.Bottle.UI.csproj", "{0263EBEC-F06A-42FD-AF4C-EA9F6832D611}"
EndProject
Global
	GlobalSection(SolutionConfigurationPlatforms) = preSolution
		Debug|Any CPU = Debug|Any CPU
		Release|Any CPU = Release|Any CPU
	EndGlobalSection
	GlobalSection(ProjectConfigurationPlatforms) = postSolution
		{072CA72C-CE6D-4E91-961C-E9C060528CC9}.Debug|Any CPU.ActiveCfg = Debug|Any CPU
		{072CA72C-CE6D-4E91-961C-E9C060528CC9}.Debug|Any CPU.Build.0 = Debug|Any CPU
		{072CA72C-CE6D-4E91-961C-E9C060528CC9}.Release|Any CPU.ActiveCfg = Release|Any CPU
		{072CA72C-CE6D-4E91-961C-E9C060528CC9}.Release|Any CPU.Build.0 = Release|Any CPU
		{0263EBEC-F06A-42FD-AF4C-EA9F6832D611}.Debug|Any CPU.ActiveCfg = Debug|Any CPU
		{0263EBEC-F06A-42FD-AF4C-EA9F6832D611}.Debug|Any CPU.Build.0 = Debug|Any CPU
		{0263EBEC-F06A-42FD-AF4C-EA9F6832D611}.Release|Any CPU.ActiveCfg = Release|Any CPU
		{0263EBEC-F06A-42FD-AF4C-EA9F6832D611}.Release|Any CPU.Build.0 = Release|Any CPU
	EndGlobalSection
	GlobalSection(SolutionProperties) = preSolution
		HideSolutionNode = FALSE
	EndGlobalSection
	GlobalSection(ExtensibilityGlobals) = postSolution
		SolutionGuid = {1543E3B8-314F-4B6C-9051-B292D0EE0CAD}
	EndGlobalSection
EndGlobal
